
Microsoft Visual Studio Solution File, Format Version 12.00
# Visual Studio Version 17
VisualStudioVersion = 17.9.34728.123
MinimumVisualStudioVersion = 10.0.40219.1
Project("{9A19103F-16F7-4668-BE54-9A1E7A4F7556}") = "Api_Ace", "Api_Ace\Api_Ace.csproj", "{3A246F59-9AC8-4A16-A947-F4B494C3AA02}"
EndProject
Project("{FAE04EC0-301F-11D3-BF4B-00C04F79EFBC}") = "Common", "Common\Common.csproj", "{27A17934-444B-486C-870C-552EA9A4D328}"
EndProject
Project("{FAE04EC0-301F-11D3-BF4B-00C04F79EFBC}") = "BLL", "BLL\BLL.csproj", "{43BBA702-BA58-42EC-9036-F588A868D564}"
EndProject
Project("{FAE04EC0-301F-11D3-BF4B-00C04F79EFBC}") = "DAL", "DAL\DAL.csproj", "{FF990278-3F9A-4D20-92AD-A47FFA88C14E}"
EndProject
Global
	GlobalSection(SolutionConfigurationPlatforms) = preSolution
		Debug|Any CPU = Debug|Any CPU
		Release|Any CPU = Release|Any CPU
	EndGlobalSection
	GlobalSection(ProjectConfigurationPlatforms) = postSolution
		{3A246F59-9AC8-4A16-A947-F4B494C3AA02}.Debug|Any CPU.ActiveCfg = Debug|Any CPU
		{3A246F59-9AC8-4A16-A947-F4B494C3AA02}.Debug|Any CPU.Build.0 = Debug|Any CPU
		{3A246F59-9AC8-4A16-A947-F4B494C3AA02}.Release|Any CPU.ActiveCfg = Release|Any CPU
		{3A246F59-9AC8-4A16-A947-F4B494C3AA02}.Release|Any CPU.Build.0 = Release|Any CPU
		{27A17934-444B-486C-870C-552EA9A4D328}.Debug|Any CPU.ActiveCfg = Debug|Any CPU
		{27A17934-444B-486C-870C-552EA9A4D328}.Debug|Any CPU.Build.0 = Debug|Any CPU
		{27A17934-444B-486C-870C-552EA9A4D328}.Release|Any CPU.ActiveCfg = Release|Any CPU
		{27A17934-444B-486C-870C-552EA9A4D328}.Release|Any CPU.Build.0 = Release|Any CPU
		{43BBA702-BA58-42EC-9036-F588A868D564}.Debug|Any CPU.ActiveCfg = Debug|Any CPU
		{43BBA702-BA58-42EC-9036-F588A868D564}.Debug|Any CPU.Build.0 = Debug|Any CPU
		{43BBA702-BA58-42EC-9036-F588A868D564}.Release|Any CPU.ActiveCfg = Release|Any CPU
		{43BBA702-BA58-42EC-9036-F588A868D564}.Release|Any CPU.Build.0 = Release|Any CPU
		{FF990278-3F9A-4D20-92AD-A47FFA88C14E}.Debug|Any CPU.ActiveCfg = Debug|Any CPU
		{FF990278-3F9A-4D20-92AD-A47FFA88C14E}.Debug|Any CPU.Build.0 = Debug|Any CPU
		{FF990278-3F9A-4D20-92AD-A47FFA88C14E}.Release|Any CPU.ActiveCfg = Release|Any CPU
		{FF990278-3F9A-4D20-92AD-A47FFA88C14E}.Release|Any CPU.Build.0 = Release|Any CPU
	EndGlobalSection
	GlobalSection(SolutionProperties) = preSolution
		HideSolutionNode = FALSE
	EndGlobalSection
	GlobalSection(ExtensibilityGlobals) = postSolution
		SolutionGuid = {7F101A01-E8BF-4BE9-B7A7-3713BDD5A0F6}
	EndGlobalSection
EndGlobal
